
Microsoft Visual Studio Solution File, Format Version 12.00
# Visual Studio 15
VisualStudioVersion = 15.0.26730.12
MinimumVisualStudioVersion = 10.0.40219.1
Project("{9092AA53-FB77-4645-B42D-1CCCA6BD08BD}") = "sample", "sample\sample.njsproj", "{8D8B2D01-13F9-4CCF-B2A6-FAFFD643B7AE}"
EndProject
Global
	GlobalSection(SolutionConfigurationPlatforms) = preSolution
		Debug|Any CPU = Debug|Any CPU
		Release|Any CPU = Release|Any CPU
	EndGlobalSection
	GlobalSection(ProjectConfigurationPlatforms) = postSolution
		{8D8B2D01-13F9-4CCF-B2A6-FAFFD643B7AE}.Debug|Any CPU.ActiveCfg = Debug|Any CPU
		{8D8B2D01-13F9-4CCF-B2A6-FAFFD643B7AE}.Debug|Any CPU.Build.0 = Debug|Any CPU
		{8D8B2D01-13F9-4CCF-B2A6-FAFFD643B7AE}.Release|Any CPU.ActiveCfg = Release|Any CPU
		{8D8B2D01-13F9-4CCF-B2A6-FAFFD643B7AE}.Release|Any CPU.Build.0 = Release|Any CPU
	EndGlobalSection
	GlobalSection(SolutionProperties) = preSolution
		HideSolutionNode = FALSE
	EndGlobalSection
	GlobalSection(ExtensibilityGlobals) = postSolution
		SolutionGuid = {2B41BCC6-0A93-4E99-8787-863310A50EBF}
	EndGlobalSection
EndGlobal
